dependencies:
- name: common
  repository: oci://registry-1.docker.io/cloudpirates
  version: 1.0.0
- name: valkey
  repository: oci://registry-1.docker.io/cloudpirates
  version: 0.1.5
digest: sha256:20b766f851e5333f32bae40eb761424ec9e43e02141127defd9037e3c112cb2c
generated: "2025-08-14T11:33:42.043028181Z"
